{
    "version": 3,
    "terraform_version": "0.9.6",
    "serial": 5,
    "lineage": "53262a50-ea54-4a51-afe8-8e8d4c2b2717",
    "modules": [
        {
            "path": [
                "root"
            ],
            "outputs": {},
            "resources": {
                "aws_eip.ip": {
                    "type": "aws_eip",
                    "depends_on": [
                        "aws_instance.another"
                    ],
                    "primary": {
                        "id": "eipalloc-93076ca9",
                        "attributes": {
                            "association_id": "eipassoc-c96e4cf3",
                            "domain": "vpc",
                            "id": "eipalloc-93076ca9",
                            "instance": "i-0daf8888d3fbdddef",
                            "network_interface": "eni-b5f73a88",
                            "private_ip": "172.31.28.193",
                            "public_ip": "52.16.151.254",
                            "vpc": "true"
                        },
                        "meta": {},
                        "tainted": false
                    },
                    "deposed": [],
                    "provider": ""
                },
                "aws_instance.another": {
                    "type": "aws_instance",
                    "depends_on": [],
                    "primary": {
                        "id": "i-0daf8888d3fbdddef",
                        "attributes": {
                            "ami": "ami-01ccc867",
                            "associate_public_ip_address": "true",
                            "availability_zone": "eu-west-1c",
                            "disable_api_termination": "false",
                            "ebs_block_device.#": "0",
                            "ebs_optimized": "false",
                            "ephemeral_block_device.#": "0",
                            "iam_instance_profile": "",
                            "id": "i-0daf8888d3fbdddef",
                            "instance_state": "running",
                            "instance_type": "t2.micro",
                            "ipv6_addresses.#": "0",
                            "key_name": "",
                            "monitoring": "false",
                            "network_interface.#": "0",
                            "network_interface_id": "eni-b5f73a88",
                            "primary_network_interface_id": "eni-b5f73a88",
                            "private_dns": "ip-172-31-28-193.eu-west-1.compute.internal",
                            "private_ip": "172.31.28.193",
                            "public_dns": "ec2-34-251-63-106.eu-west-1.compute.amazonaws.com",
                            "public_ip": "34.251.63.106",
                            "root_block_device.#": "1",
                            "root_block_device.0.delete_on_termination": "true",
                            "root_block_device.0.iops": "100",
                            "root_block_device.0.volume_size": "8",
                            "root_block_device.0.volume_type": "gp2",
                            "security_groups.#": "0",
                            "source_dest_check": "true",
                            "subnet_id": "subnet-39a8394f",
                            "tags.%": "0",
                            "tenancy": "default",
                            "volume_tags.%": "0",
                            "vpc_security_group_ids.#": "1",
                            "vpc_security_group_ids.2005748939": "sg-bacde7dd"
                        },
                        "meta": {
                            "e2bfb730-ecaa-11e6-8f88-34363bc7c4c0": {
                                "create": 600000000000,
                                "delete": 600000000000,
                                "update": 600000000000
                            },
                            "schema_version": "1"
                        },
                        "tainted": false
                    },
                    "deposed": [],
                    "provider": ""
                },
                "aws_instance.example": {
                    "type": "aws_instance",
                    "depends_on": [],
                    "primary": {
                        "id": "i-03eb04f7c70111743",
                        "attributes": {
                            "ami": "ami-02ace471",
                            "associate_public_ip_address": "true",
                            "availability_zone": "eu-west-1c",
                            "disable_api_termination": "false",
                            "ebs_block_device.#": "0",
                            "ebs_optimized": "false",
                            "ephemeral_block_device.#": "0",
                            "iam_instance_profile": "",
                            "id": "i-03eb04f7c70111743",
                            "instance_state": "running",
                            "instance_type": "t2.micro",
                            "ipv6_addresses.#": "0",
                            "key_name": "",
                            "monitoring": "false",
                            "network_interface.#": "0",
                            "network_interface_id": "eni-9bf03da6",
                            "primary_network_interface_id": "eni-9bf03da6",
                            "private_dns": "ip-172-31-17-161.eu-west-1.compute.internal",
                            "private_ip": "172.31.17.161",
                            "public_dns": "ec2-52-16-151-254.eu-west-1.compute.amazonaws.com",
                            "public_ip": "52.16.151.254",
                            "root_block_device.#": "1",
                            "root_block_device.0.delete_on_termination": "true",
                            "root_block_device.0.iops": "100",
                            "root_block_device.0.volume_size": "10",
                            "root_block_device.0.volume_type": "gp2",
                            "security_groups.#": "0",
                            "source_dest_check": "true",
                            "subnet_id": "subnet-39a8394f",
                            "tags.%": "0",
                            "tenancy": "default",
                            "volume_tags.%": "0",
                            "vpc_security_group_ids.#": "1",
                            "vpc_security_group_ids.2005748939": "sg-bacde7dd"
                        },
                        "meta": {
                            "e2bfb730-ecaa-11e6-8f88-34363bc7c4c0": {
                                "create": 600000000000,
                                "delete": 600000000000,
                                "update": 600000000000
                            },
                            "schema_version": "1"
                        },
                        "tainted": false
                    },
                    "deposed": [],
                    "provider": ""
                }
            },
            "depends_on": []
        }
    ]
}
