{
    "version": 3,
    "terraform_version": "0.9.6",
    "serial": 4,
    "lineage": "668412c1-3e4f-437c-b499-24ec4fc35d98",
    "modules": [
        {
            "path": [
                "root"
            ],
            "outputs": {},
            "resources": {
                "aws_iam_role.smashing_website_role": {
                    "type": "aws_iam_role",
                    "depends_on": [],
                    "primary": {
                        "id": "example_role",
                        "attributes": {
                            "arn": "arn:aws:iam::189741786588:role/example_role",
                            "assume_role_policy": "{\"Version\":\"2012-10-17\",\"Statement\":[{\"Effect\":\"Allow\",\"Principal\":{\"Service\":\"ec2.amazonaws.com\"},\"Action\":\"sts:AssumeRole\"}]}",
                            "create_date": "2017-06-01T20:38:48Z",
                            "id": "example_role",
                            "name": "example_role",
                            "path": "/",
                            "unique_id": "AROAI2MXIMWBNFR657MYM"
                        },
                        "meta": {},
                        "tainted": false
                    },
                    "deposed": [],
                    "provider": ""
                },
                "aws_iam_role_policy.smashing_website_inline_policy": {
                    "type": "aws_iam_role_policy",
                    "depends_on": [
                        "aws_iam_role.smashing_website_role"
                    ],
                    "primary": {
                        "id": "example_role:smashing_website_inline_policy",
                        "attributes": {
                            "id": "example_role:smashing_website_inline_policy",
                            "name": "smashing_website_inline_policy",
                            "policy": "{\n    \"Statement\": [\n        {\n            \"Effect\": \"Allow\",\n            \"Action\": [\n                \"s3:*\"\n            ],\n            \"Resource\": [\n                \"arn:aws:s3:::assets.smashingwebsite.co.uk\",\n                \"arn:aws:s3:::assets.smashingwebsite.co.uk/*\"\n            ]\n        },\n        {\n            \"Effect\": \"Allow\",\n            \"Action\": [\n                \"ses:GetSendQuota\"\n            ],\n            \"Resource\": [\n                \"*\"\n            ]\n        },\n        {\n            \"Condition\": {\n                \"StringLike\": {\n                    \"ses:FromAddress\": \"*@smashingwebsite.co.uk\"\n                }\n            },\n            \"Effect\": \"Allow\",\n            \"Action\": [\n                \"ses:SendEmail\",\n                \"ses:SendRawEmail\"\n            ],\n            \"Resource\": [\n                \"*\"\n            ]\n        }\n\n    ]\n}\n",
                            "role": "example_role"
                        },
                        "meta": {},
                        "tainted": false
                    },
                    "deposed": [],
                    "provider": ""
                }
            },
            "depends_on": []
        }
    ]
}
